// !$*UTF8*$!
{
	archiveVersion = 1;
	classes = {
	};
	objectVersion = 77;
	objects = {

/* Begin PBXBuildFile section */
		01E2132CF086B94EE7D8FDDB /* Listing.swift in Sources */ = {isa = PBXBuildFile; fileRef = 835FCCBDEDFBED9C5F92624C /* Listing.swift */; };
		03F8D40D1DEF07F31CD22F92 /* ItemAnalysisService.swift in Sources */ = {isa = PBXBuildFile; fileRef = 0A7C3474E73B05AE2D68F70B /* ItemAnalysisService.swift */; };
		05F9ECF2894456C774B63FC3 /* BuyingIntentComposer.swift in Sources */ = {isa = PBXBuildFile; fileRef = 0878DA92E6F5F3B900FACC4E /* BuyingIntentComposer.swift */; };
		1CBCEC0101D37AA3BD354FBB /* Assets.xcassets in Resources */ = {isa = PBXBuildFile; fileRef = 56E40A440ADCAB402268B4E9 /* Assets.xcassets */; };
		1F7F54766B8A34CDDFB149A4 /* ProfileView.swift in Sources */ = {isa = PBXBuildFile; fileRef = E255D1A15A11B957ED41403A /* ProfileView.swift */; };
		22457D0A33BEB2BB43DB3800 /* PreviewMarketplaceRepository.swift in Sources */ = {isa = PBXBuildFile; fileRef = 4C2C6EC5551CC36C36A57214 /* PreviewMarketplaceRepository.swift */; };
		243FC8C35C2E773D5A47534B /* SellViewModel.swift in Sources */ = {isa = PBXBuildFile; fileRef = 348832B9A81936AD5D2FE7F7 /* SellViewModel.swift */; };
		3443B11474F06F948B2047BD /* AuthenticationRepository.swift in Sources */ = {isa = PBXBuildFile; fileRef = 33C31B7B3151CDBD4C69B353 /* AuthenticationRepository.swift */; };
		3ABDE126DF084B4AA625C81A /* SearchView.swift in Sources */ = {isa = PBXBuildFile; fileRef = ED725672EA0BE572A7D793BF /* SearchView.swift */; };
		4AFF8E0E05BCBF01633A3D34 /* AppEnvironment.swift in Sources */ = {isa = PBXBuildFile; fileRef = FE6A9C26911B57B12219FE24 /* AppEnvironment.swift */; };
		59A1DA182376BE2778E535E1 /* ChatViewModel.swift in Sources */ = {isa = PBXBuildFile; fileRef = 13562034F0FE05F18EA25CC4 /* ChatViewModel.swift */; };
		59C4FE5942E637DF19B5BBBF /* BuyerRepository.swift in Sources */ = {isa = PBXBuildFile; fileRef = 19E4DCA6977CC2387F164DE6 /* BuyerRepository.swift */; };
		64CDC96767AA646184ABA4A2 /* ReservationConfirmationView.swift in Sources */ = {isa = PBXBuildFile; fileRef = 18DE5F475C037C85FB26E7CE /* ReservationConfirmationView.swift */; };
		65D94DA941FACC6ABD2EFAE7 /* AuthenticationGate.swift in Sources */ = {isa = PBXBuildFile; fileRef = EC4D89AEC0609920DFC6E5A9 /* AuthenticationGate.swift */; };
		7056CE16C46FAA9D79328637 /* YardTheme.swift in Sources */ = {isa = PBXBuildFile; fileRef = 6A33A8ECD9BBE591CF335801 /* YardTheme.swift */; };
		70DF32A87341CF5BCA3D4746 /* UserSession.swift in Sources */ = {isa = PBXBuildFile; fileRef = 8289968683BFEF8EB03F1320 /* UserSession.swift */; };
		7E5F8F72A1F113924F5CC11D /* SavedViewModel.swift in Sources */ = {isa = PBXBuildFile; fileRef = 45335C15542F2E7A3DE7DD22 /* SavedViewModel.swift */; };
		83E5B0A1F6DF6E1AEB8D23B0 /* ChatView.swift in Sources */ = {isa = PBXBuildFile; fileRef = 2BAA45953D70694B3FC3305E /* ChatView.swift */; };
		83F166C4B6C1D81803852F02 /* ListingDraft.swift in Sources */ = {isa = PBXBuildFile; fileRef = 4122E87B6BDD7502CB15020B /* ListingDraft.swift */; };
		849F03806FDD3EA4633DC8E6 /* SellViewModelTests.swift in Sources */ = {isa = PBXBuildFile; fileRef = E3A9327052FDA2F5E504E8E7 /* SellViewModelTests.swift */; };
		92672E0437EC545A2C784634 /* BuyingIntent.swift in Sources */ = {isa = PBXBuildFile; fileRef = FA9DAD52AE485384833B6B0C /* BuyingIntent.swift */; };
		93BB2A5588E227B73E2CC0C1 /* SavedView.swift in Sources */ = {isa = PBXBuildFile; fileRef = 631318A226418AFB6133BE64 /* SavedView.swift */; };
		93DE10A09A91110202716EC0 /* TransactionRepository.swift in Sources */ = {isa = PBXBuildFile; fileRef = 30A59F2F2948C077D478D6C2 /* TransactionRepository.swift */; };
		972758225310D8607E868B0A /* HomeViewModelTests.swift in Sources */ = {isa = PBXBuildFile; fileRef = 7BAF6DC285AEB4B5EBDF4A30 /* HomeViewModelTests.swift */; };
		9807873A2A2A58F57CC3D447 /* Category.swift in Sources */ = {isa = PBXBuildFile; fileRef = 0CACE2C2CAF666984B03EDCC /* Category.swift */; };
		9ABB896A85F77663A9B2E2EE /* MarketplaceRepository.swift in Sources */ = {isa = PBXBuildFile; fileRef = FF7790435F52441874070019 /* MarketplaceRepository.swift */; };
		9E817FD68AD00E66DBFC0FAC /* UserSessionTests.swift in Sources */ = {isa = PBXBuildFile; fileRef = FF5D4A6539EC2270099C8DA3 /* UserSessionTests.swift */; };
		AA8F06F4D23AA0F0D7BE20A8 /* SellView.swift in Sources */ = {isa = PBXBuildFile; fileRef = 32F47057B35B4AD69E71C8C9 /* SellView.swift */; };
		AB5B4D019786A1D7BAE4FA13 /* CameraCaptureView.swift in Sources */ = {isa = PBXBuildFile; fileRef = BCA5FD88B87CACB1398CFA01 /* CameraCaptureView.swift */; };
		AD1FEF21202F9A07A52313AF /* ListingDraftRecord.swift in Sources */ = {isa = PBXBuildFile; fileRef = 85E10DD68007B76C4346DB82 /* ListingDraftRecord.swift */; };
		AD7045C84AA326912E9B562D /* Account.swift in Sources */ = {isa = PBXBuildFile; fileRef = D0C57272A504799A67B2880A /* Account.swift */; };
		B68A44C221AC191C381CA84D /* ChatViewModelTests.swift in Sources */ = {isa = PBXBuildFile; fileRef = 8972CB58413FC823D2CA9616 /* ChatViewModelTests.swift */; };
		B709C252274D25CA03CB6E68 /* ListingDetailView.swift in Sources */ = {isa = PBXBuildFile; fileRef = A4D3A84DCB17540F6D8760FC /* ListingDetailView.swift */; };
		BB3C67F08230F39F65C03CB9 /* HomeView.swift in Sources */ = {isa = PBXBuildFile; fileRef = 6576AD0CF71E7D08244A9EC1 /* HomeView.swift */; };
		C32F8436F020E85432799E74 /* IntentMatchesView.swift in Sources */ = {isa = PBXBuildFile; fileRef = 7F81738D6C58C0AFFD95CE4F /* IntentMatchesView.swift */; };
		C5BA37DE0CED01324A581A52 /* RootTabView.swift in Sources */ = {isa = PBXBuildFile; fileRef = 2460E8BFE8B143152C648F2D /* RootTabView.swift */; };
		C754F822BD9D9A4D5E15FB4C /* SellingRepository.swift in Sources */ = {isa = PBXBuildFile; fileRef = D298FAC3576FE80D4200AED7 /* SellingRepository.swift */; };
		C8A7EE2E0ECD0813754810D6 /* HomeViewModel.swift in Sources */ = {isa = PBXBuildFile; fileRef = 7B8F092CF014829634F0AD6C /* HomeViewModel.swift */; };
		CC5684C5AFB3174E3752517B /* YardApp.swift in Sources */ = {isa = PBXBuildFile; fileRef = 0E06C68B411310B9AABF60BE /* YardApp.swift */; };
		CCB4AA9B1D45FE8F2D388B1D /* KeychainTokenStore.swift in Sources */ = {isa = PBXBuildFile; fileRef = 170358E714668465F28B083A /* KeychainTokenStore.swift */; };
		CEC2DB2B15037584EEF4563E /* ModelDecodingTests.swift in Sources */ = {isa = PBXBuildFile; fileRef = 99AC424DD294154BBB3635F5 /* ModelDecodingTests.swift */; };
		D21A9AC38FA5DCE1DC66F1A4 /* APIClient.swift in Sources */ = {isa = PBXBuildFile; fileRef = 212CAC6E2D0F0E1ED408D3F4 /* APIClient.swift */; };
		D6C2648AD75EFF18A07ABB1C /* SearchViewModelTests.swift in Sources */ = {isa = PBXBuildFile; fileRef = 04C82ED56D70D6736E1EC79B /* SearchViewModelTests.swift */; };
		DA7DCD847AF0B4A69D211DBF /* ProfileViewModel.swift in Sources */ = {isa = PBXBuildFile; fileRef = 6657962A8DF2504667E11B51 /* ProfileViewModel.swift */; };
		E7D832374EA2114E8A4C0285 /* ListingCard.swift in Sources */ = {isa = PBXBuildFile; fileRef = 277F45766983DC0FE246B96E /* ListingCard.swift */; };
		EA996B289FE4BD53FDB8A49D /* SavedViewModelTests.swift in Sources */ = {isa = PBXBuildFile; fileRef = DBF67AA604A6918B4B42EF1C /* SavedViewModelTests.swift */; };
		F844013DDC43400B1808E651 /* Transaction.swift in Sources */ = {isa = PBXBuildFile; fileRef = EE10239C5C8DE44C4DC74F56 /* Transaction.swift */; };
		FAD56C5057648DEED830AFD5 /* PreviewAuthenticationRepository.swift in Sources */ = {isa = PBXBuildFile; fileRef = D4923873287A3BB33BBAD510 /* PreviewAuthenticationRepository.swift */; };
		FEF87B21077D17D690C2688F /* SearchViewModel.swift in Sources */ = {isa = PBXBuildFile; fileRef = 9BBB2EECC92F48450EC6C863 /* SearchViewModel.swift */; };
/* End PBXBuildFile section */

/* Begin PBXContainerItemProxy section */
		81931285E2DFA7C15487886D /* PBXContainerItemProxy */ = {
			isa = PBXContainerItemProxy;
			containerPortal = FE206404C1E6219CB778F7EE /* Project object */;
			proxyType = 1;
			remoteGlobalIDString = FF0939082242D41D5BFBCB2F;
			remoteInfo = Yard;
		};
/* End PBXContainerItemProxy section */

/* Begin PBXFileReference section */
		04C82ED56D70D6736E1EC79B /* SearchViewModelTests.swift */ = {isa = PBXFileReference; lastKnownFileType = sourcecode.swift; path = SearchViewModelTests.swift; sourceTree = "<group>"; };
		0878DA92E6F5F3B900FACC4E /* BuyingIntentComposer.swift */ = {isa = PBXFileReference; lastKnownFileType = sourcecode.swift; path = BuyingIntentComposer.swift; sourceTree = "<group>"; };
		0A7C3474E73B05AE2D68F70B /* ItemAnalysisService.swift */ = {isa = PBXFileReference; lastKnownFileType = sourcecode.swift; path = ItemAnalysisService.swift; sourceTree = "<group>"; };
		0CACE2C2CAF666984B03EDCC /* Category.swift */ = {isa = PBXFileReference; lastKnownFileType = sourcecode.swift; path = Category.swift; sourceTree = "<group>"; };
		0E06C68B411310B9AABF60BE /* YardApp.swift */ = {isa = PBXFileReference; lastKnownFileType = sourcecode.swift; path = YardApp.swift; sourceTree = "<group>"; };
		13562034F0FE05F18EA25CC4 /* ChatViewModel.swift */ = {isa = PBXFileReference; lastKnownFileType = sourcecode.swift; path = ChatViewModel.swift; sourceTree = "<group>"; };
		170358E714668465F28B083A /* KeychainTokenStore.swift */ = {isa = PBXFileReference; lastKnownFileType = sourcecode.swift; path = KeychainTokenStore.swift; sourceTree = "<group>"; };
		18DE5F475C037C85FB26E7CE /* ReservationConfirmationView.swift */ = {isa = PBXFileReference; lastKnownFileType = sourcecode.swift; path = ReservationConfirmationView.swift; sourceTree = "<group>"; };
		19E4DCA6977CC2387F164DE6 /* BuyerRepository.swift */ = {isa = PBXFileReference; lastKnownFileType = sourcecode.swift; path = BuyerRepository.swift; sourceTree = "<group>"; };
		212CAC6E2D0F0E1ED408D3F4 /* APIClient.swift */ = {isa = PBXFileReference; lastKnownFileType = sourcecode.swift; path = APIClient.swift; sourceTree = "<group>"; };
		2460E8BFE8B143152C648F2D /* RootTabView.swift */ = {isa = PBXFileReference; lastKnownFileType = sourcecode.swift; path = RootTabView.swift; sourceTree = "<group>"; };
		277F45766983DC0FE246B96E /* ListingCard.swift */ = {isa = PBXFileReference; lastKnownFileType = sourcecode.swift; path = ListingCard.swift; sourceTree = "<group>"; };
		2BAA45953D70694B3FC3305E /* ChatView.swift */ = {isa = PBXFileReference; lastKnownFileType = sourcecode.swift; path = ChatView.swift; sourceTree = "<group>"; };
		30A59F2F2948C077D478D6C2 /* TransactionRepository.swift */ = {isa = PBXFileReference; lastKnownFileType = sourcecode.swift; path = TransactionRepository.swift; sourceTree = "<group>"; };
		32F47057B35B4AD69E71C8C9 /* SellView.swift */ = {isa = PBXFileReference; lastKnownFileType = sourcecode.swift; path = SellView.swift; sourceTree = "<group>"; };
		33C31B7B3151CDBD4C69B353 /* AuthenticationRepository.swift */ = {isa = PBXFileReference; lastKnownFileType = sourcecode.swift; path = AuthenticationRepository.swift; sourceTree = "<group>"; };
		348832B9A81936AD5D2FE7F7 /* SellViewModel.swift */ = {isa = PBXFileReference; lastKnownFileType = sourcecode.swift; path = SellViewModel.swift; sourceTree = "<group>"; };
		4122E87B6BDD7502CB15020B /* ListingDraft.swift */ = {isa = PBXFileReference; lastKnownFileType = sourcecode.swift; path = ListingDraft.swift; sourceTree = "<group>"; };
		45335C15542F2E7A3DE7DD22 /* SavedViewModel.swift */ = {isa = PBXFileReference; lastKnownFileType = sourcecode.swift; path = SavedViewModel.swift; sourceTree = "<group>"; };
		4C2C6EC5551CC36C36A57214 /* PreviewMarketplaceRepository.swift */ = {isa = PBXFileReference; lastKnownFileType = sourcecode.swift; path = PreviewMarketplaceRepository.swift; sourceTree = "<group>"; };
		56E40A440ADCAB402268B4E9 /* Assets.xcassets */ = {isa = PBXFileReference; lastKnownFileType = folder.assetcatalog; path = Assets.xcassets; sourceTree = "<group>"; };
		597CE30A5C4DC691FE0C59FE /* YardTests.xctest */ = {isa = PBXFileReference; includeInIndex = 0; lastKnownFileType = wrapper.cfbundle; path = YardTests.xctest; sourceTree = BUILT_PRODUCTS_DIR; };
		631318A226418AFB6133BE64 /* SavedView.swift */ = {isa = PBXFileReference; lastKnownFileType = sourcecode.swift; path = SavedView.swift; sourceTree = "<group>"; };
		6576AD0CF71E7D08244A9EC1 /* HomeView.swift */ = {isa = PBXFileReference; lastKnownFileType = sourcecode.swift; path = HomeView.swift; sourceTree = "<group>"; };
		6657962A8DF2504667E11B51 /* ProfileViewModel.swift */ = {isa = PBXFileReference; lastKnownFileType = sourcecode.swift; path = ProfileViewModel.swift; sourceTree = "<group>"; };
		6A33A8ECD9BBE591CF335801 /* YardTheme.swift */ = {isa = PBXFileReference; lastKnownFileType = sourcecode.swift; path = YardTheme.swift; sourceTree = "<group>"; };
		7B8F092CF014829634F0AD6C /* HomeViewModel.swift */ = {isa = PBXFileReference; lastKnownFileType = sourcecode.swift; path = HomeViewModel.swift; sourceTree = "<group>"; };
		7BAF6DC285AEB4B5EBDF4A30 /* HomeViewModelTests.swift */ = {isa = PBXFileReference; lastKnownFileType = sourcecode.swift; path = HomeViewModelTests.swift; sourceTree = "<group>"; };
		7F81738D6C58C0AFFD95CE4F /* IntentMatchesView.swift */ = {isa = PBXFileReference; lastKnownFileType = sourcecode.swift; path = IntentMatchesView.swift; sourceTree = "<group>"; };
		8289968683BFEF8EB03F1320 /* UserSession.swift */ = {isa = PBXFileReference; lastKnownFileType = sourcecode.swift; path = UserSession.swift; sourceTree = "<group>"; };
		835FCCBDEDFBED9C5F92624C /* Listing.swift */ = {isa = PBXFileReference; lastKnownFileType = sourcecode.swift; path = Listing.swift; sourceTree = "<group>"; };
		85E10DD68007B76C4346DB82 /* ListingDraftRecord.swift */ = {isa = PBXFileReference; lastKnownFileType = sourcecode.swift; path = ListingDraftRecord.swift; sourceTree = "<group>"; };
		8972CB58413FC823D2CA9616 /* ChatViewModelTests.swift */ = {isa = PBXFileReference; lastKnownFileType = sourcecode.swift; path = ChatViewModelTests.swift; sourceTree = "<group>"; };
		99AC424DD294154BBB3635F5 /* ModelDecodingTests.swift */ = {isa = PBXFileReference; lastKnownFileType = sourcecode.swift; path = ModelDecodingTests.swift; sourceTree = "<group>"; };
		9BBB2EECC92F48450EC6C863 /* SearchViewModel.swift */ = {isa = PBXFileReference; lastKnownFileType = sourcecode.swift; path = SearchViewModel.swift; sourceTree = "<group>"; };
		A4D3A84DCB17540F6D8760FC /* ListingDetailView.swift */ = {isa = PBXFileReference; lastKnownFileType = sourcecode.swift; path = ListingDetailView.swift; sourceTree = "<group>"; };
		BCA5FD88B87CACB1398CFA01 /* CameraCaptureView.swift */ = {isa = PBXFileReference; lastKnownFileType = sourcecode.swift; path = CameraCaptureView.swift; sourceTree = "<group>"; };
		D0C57272A504799A67B2880A /* Account.swift */ = {isa = PBXFileReference; lastKnownFileType = sourcecode.swift; path = Account.swift; sourceTree = "<group>"; };
		D298FAC3576FE80D4200AED7 /* SellingRepository.swift */ = {isa = PBXFileReference; lastKnownFileType = sourcecode.swift; path = SellingRepository.swift; sourceTree = "<group>"; };
		D4923873287A3BB33BBAD510 /* PreviewAuthenticationRepository.swift */ = {isa = PBXFileReference; lastKnownFileType = sourcecode.swift; path = PreviewAuthenticationRepository.swift; sourceTree = "<group>"; };
		DBF67AA604A6918B4B42EF1C /* SavedViewModelTests.swift */ = {isa = PBXFileReference; lastKnownFileType = sourcecode.swift; path = SavedViewModelTests.swift; sourceTree = "<group>"; };
		E255D1A15A11B957ED41403A /* ProfileView.swift */ = {isa = PBXFileReference; lastKnownFileType = sourcecode.swift; path = ProfileView.swift; sourceTree = "<group>"; };
		E3A9327052FDA2F5E504E8E7 /* SellViewModelTests.swift */ = {isa = PBXFileReference; lastKnownFileType = sourcecode.swift; path = SellViewModelTests.swift; sourceTree = "<group>"; };
		EC4D89AEC0609920DFC6E5A9 /* AuthenticationGate.swift */ = {isa = PBXFileReference; lastKnownFileType = sourcecode.swift; path = AuthenticationGate.swift; sourceTree = "<group>"; };
		ED725672EA0BE572A7D793BF /* SearchView.swift */ = {isa = PBXFileReference; lastKnownFileType = sourcecode.swift; path = SearchView.swift; sourceTree = "<group>"; };
		ED859673BB2610C78C35B7F7 /* Yard.app */ = {isa = PBXFileReference; includeInIndex = 0; lastKnownFileType = wrapper.application; path = Yard.app; sourceTree = BUILT_PRODUCTS_DIR; };
		EE10239C5C8DE44C4DC74F56 /* Transaction.swift */ = {isa = PBXFileReference; lastKnownFileType = sourcecode.swift; path = Transaction.swift; sourceTree = "<group>"; };
		FA9DAD52AE485384833B6B0C /* BuyingIntent.swift */ = {isa = PBXFileReference; lastKnownFileType = sourcecode.swift; path = BuyingIntent.swift; sourceTree = "<group>"; };
		FE6A9C26911B57B12219FE24 /* AppEnvironment.swift */ = {isa = PBXFileReference; lastKnownFileType = sourcecode.swift; path = AppEnvironment.swift; sourceTree = "<group>"; };
		FF5D4A6539EC2270099C8DA3 /* UserSessionTests.swift */ = {isa = PBXFileReference; lastKnownFileType = sourcecode.swift; path = UserSessionTests.swift; sourceTree = "<group>"; };
		FF7790435F52441874070019 /* MarketplaceRepository.swift */ = {isa = PBXFileReference; lastKnownFileType = sourcecode.swift; path = MarketplaceRepository.swift; sourceTree = "<group>"; };
/* End PBXFileReference section */

/* Begin PBXGroup section */
		029840FE6BB54AAA2F781FB1 /* Search */ = {
			isa = PBXGroup;
			children = (
				ED725672EA0BE572A7D793BF /* SearchView.swift */,
				9BBB2EECC92F48450EC6C863 /* SearchViewModel.swift */,
			);
			path = Search;
			sourceTree = "<group>";
		};
		063B2A23369AF433868FD991 /* Analysis */ = {
			isa = PBXGroup;
			children = (
				0A7C3474E73B05AE2D68F70B /* ItemAnalysisService.swift */,
			);
			path = Analysis;
			sourceTree = "<group>";
		};
		07D625211291599276E78ECF /* Authentication */ = {
			isa = PBXGroup;
			children = (
				EC4D89AEC0609920DFC6E5A9 /* AuthenticationGate.swift */,
			);
			path = Authentication;
			sourceTree = "<group>";
		};
		09CEC17D7031EC92F94A64DB /* Resources */ = {
			isa = PBXGroup;
			children = (
				56E40A440ADCAB402268B4E9 /* Assets.xcassets */,
			);
			path = Resources;
			sourceTree = "<group>";
		};
		100C0C781F469EB565978096 /* Repositories */ = {
			isa = PBXGroup;
			children = (
				33C31B7B3151CDBD4C69B353 /* AuthenticationRepository.swift */,
				19E4DCA6977CC2387F164DE6 /* BuyerRepository.swift */,
				FF7790435F52441874070019 /* MarketplaceRepository.swift */,
				D4923873287A3BB33BBAD510 /* PreviewAuthenticationRepository.swift */,
				4C2C6EC5551CC36C36A57214 /* PreviewMarketplaceRepository.swift */,
				D298FAC3576FE80D4200AED7 /* SellingRepository.swift */,
				30A59F2F2948C077D478D6C2 /* TransactionRepository.swift */,
			);
			path = Repositories;
			sourceTree = "<group>";
		};
		14E9A8A05CEE7B430277FD3D /* Design */ = {
			isa = PBXGroup;
			children = (
				6A33A8ECD9BBE591CF335801 /* YardTheme.swift */,
			);
			path = Design;
			sourceTree = "<group>";
		};
		1A4C1CAC4776FB40AF9F96E6 /* Security */ = {
			isa = PBXGroup;
			children = (
				170358E714668465F28B083A /* KeychainTokenStore.swift */,
			);
			path = Security;
			sourceTree = "<group>";
		};
		2214579B1F3DA7FF1D74E979 /* Models */ = {
			isa = PBXGroup;
			children = (
				D0C57272A504799A67B2880A /* Account.swift */,
				FA9DAD52AE485384833B6B0C /* BuyingIntent.swift */,
				0CACE2C2CAF666984B03EDCC /* Category.swift */,
				835FCCBDEDFBED9C5F92624C /* Listing.swift */,
				4122E87B6BDD7502CB15020B /* ListingDraft.swift */,
				EE10239C5C8DE44C4DC74F56 /* Transaction.swift */,
			);
			path = Models;
			sourceTree = "<group>";
		};
		4641F389EF8CEC2D60A265B7 = {
			isa = PBXGroup;
			children = (
				7FA0E7175D2E535A6A93858A /* Yard */,
				CC66F82879199C751674B6FD /* YardTests */,
				7447305D8627CE6CC9E106B6 /* Products */,
			);
			sourceTree = "<group>";
		};
		6C22543444DA3C3D9187A6DD /* Sell */ = {
			isa = PBXGroup;
			children = (
				BCA5FD88B87CACB1398CFA01 /* CameraCaptureView.swift */,
				32F47057B35B4AD69E71C8C9 /* SellView.swift */,
				348832B9A81936AD5D2FE7F7 /* SellViewModel.swift */,
			);
			path = Sell;
			sourceTree = "<group>";
		};
		6FA8209013CFA027FB62BB5B /* Core */ = {
			isa = PBXGroup;
			children = (
				063B2A23369AF433868FD991 /* Analysis */,
				14E9A8A05CEE7B430277FD3D /* Design */,
				2214579B1F3DA7FF1D74E979 /* Models */,
				7ED5D18026FF158CC716EA5B /* Networking */,
				CDF4E9CB8BDE08AE11849D19 /* Persistence */,
				100C0C781F469EB565978096 /* Repositories */,
				1A4C1CAC4776FB40AF9F96E6 /* Security */,
			);
			path = Core;
			sourceTree = "<group>";
		};
		7447305D8627CE6CC9E106B6 /* Products */ = {
			isa = PBXGroup;
			children = (
				ED859673BB2610C78C35B7F7 /* Yard.app */,
				597CE30A5C4DC691FE0C59FE /* YardTests.xctest */,
			);
			name = Products;
			sourceTree = "<group>";
		};
		7ED5D18026FF158CC716EA5B /* Networking */ = {
			isa = PBXGroup;
			children = (
				212CAC6E2D0F0E1ED408D3F4 /* APIClient.swift */,
			);
			path = Networking;
			sourceTree = "<group>";
		};
		7FA0E7175D2E535A6A93858A /* Yard */ = {
			isa = PBXGroup;
			children = (
				0E06C68B411310B9AABF60BE /* YardApp.swift */,
				E73A3FACDD0643BF1D8F7B1B /* App */,
				6FA8209013CFA027FB62BB5B /* Core */,
				D070F46A9A53DD9F5D8505F0 /* Features */,
				09CEC17D7031EC92F94A64DB /* Resources */,
			);
			path = Yard;
			sourceTree = "<group>";
		};
		8C76FC46092A64392A770124 /* Saved */ = {
			isa = PBXGroup;
			children = (
				0878DA92E6F5F3B900FACC4E /* BuyingIntentComposer.swift */,
				7F81738D6C58C0AFFD95CE4F /* IntentMatchesView.swift */,
				631318A226418AFB6133BE64 /* SavedView.swift */,
				45335C15542F2E7A3DE7DD22 /* SavedViewModel.swift */,
			);
			path = Saved;
			sourceTree = "<group>";
		};
		ACECCFFA277BCD3FC6BFFB92 /* Profile */ = {
			isa = PBXGroup;
			children = (
				E255D1A15A11B957ED41403A /* ProfileView.swift */,
				6657962A8DF2504667E11B51 /* ProfileViewModel.swift */,
			);
			path = Profile;
			sourceTree = "<group>";
		};
		CC66F82879199C751674B6FD /* YardTests */ = {
			isa = PBXGroup;
			children = (
				8972CB58413FC823D2CA9616 /* ChatViewModelTests.swift */,
				7BAF6DC285AEB4B5EBDF4A30 /* HomeViewModelTests.swift */,
				99AC424DD294154BBB3635F5 /* ModelDecodingTests.swift */,
				DBF67AA604A6918B4B42EF1C /* SavedViewModelTests.swift */,
				04C82ED56D70D6736E1EC79B /* SearchViewModelTests.swift */,
				E3A9327052FDA2F5E504E8E7 /* SellViewModelTests.swift */,
				FF5D4A6539EC2270099C8DA3 /* UserSessionTests.swift */,
			);
			path = YardTests;
			sourceTree = "<group>";
		};
		CC9F4BBCAC7F73E4D673FE33 /* Messaging */ = {
			isa = PBXGroup;
			children = (
				2BAA45953D70694B3FC3305E /* ChatView.swift */,
				13562034F0FE05F18EA25CC4 /* ChatViewModel.swift */,
			);
			path = Messaging;
			sourceTree = "<group>";
		};
		CDF4E9CB8BDE08AE11849D19 /* Persistence */ = {
			isa = PBXGroup;
			children = (
				85E10DD68007B76C4346DB82 /* ListingDraftRecord.swift */,
			);
			path = Persistence;
			sourceTree = "<group>";
		};
		CF08EA45A88F213932D065ED /* Reservations */ = {
			isa = PBXGroup;
			children = (
				18DE5F475C037C85FB26E7CE /* ReservationConfirmationView.swift */,
			);
			path = Reservations;
			sourceTree = "<group>";
		};
		D070F46A9A53DD9F5D8505F0 /* Features */ = {
			isa = PBXGroup;
			children = (
				07D625211291599276E78ECF /* Authentication */,
				EEA91D6CF4FFF1B09ADF8666 /* Home */,
				EF104B8CF6F9EEF01D993563 /* ListingDetail */,
				CC9F4BBCAC7F73E4D673FE33 /* Messaging */,
				ACECCFFA277BCD3FC6BFFB92 /* Profile */,
				CF08EA45A88F213932D065ED /* Reservations */,
				8C76FC46092A64392A770124 /* Saved */,
				029840FE6BB54AAA2F781FB1 /* Search */,
				6C22543444DA3C3D9187A6DD /* Sell */,
			);
			path = Features;
			sourceTree = "<group>";
		};
		E73A3FACDD0643BF1D8F7B1B /* App */ = {
			isa = PBXGroup;
			children = (
				FE6A9C26911B57B12219FE24 /* AppEnvironment.swift */,
				2460E8BFE8B143152C648F2D /* RootTabView.swift */,
				8289968683BFEF8EB03F1320 /* UserSession.swift */,
			);
			path = App;
			sourceTree = "<group>";
		};
		EEA91D6CF4FFF1B09ADF8666 /* Home */ = {
			isa = PBXGroup;
			children = (
				6576AD0CF71E7D08244A9EC1 /* HomeView.swift */,
				7B8F092CF014829634F0AD6C /* HomeViewModel.swift */,
				277F45766983DC0FE246B96E /* ListingCard.swift */,
			);
			path = Home;
			sourceTree = "<group>";
		};
		EF104B8CF6F9EEF01D993563 /* ListingDetail */ = {
			isa = PBXGroup;
			children = (
				A4D3A84DCB17540F6D8760FC /* ListingDetailView.swift */,
			);
			path = ListingDetail;
			sourceTree = "<group>";
		};
/* End PBXGroup section */

/* Begin PBXNativeTarget section */
		1EDB4C47924C598465901B2E /* YardTests */ = {
			isa = PBXNativeTarget;
			buildConfigurationList = 77966E86928B6AFC72ADF7FB /* Build configuration list for PBXNativeTarget "YardTests" */;
			buildPhases = (
				D23612B6550DCF0A62EFB900 /* Sources */,
			);
			buildRules = (
			);
			dependencies = (
				B1B32CB91891B196F0EF15FF /* PBXTargetDependency */,
			);
			name = YardTests;
			packageProductDependencies = (
			);
			productName = YardTests;
			productReference = 597CE30A5C4DC691FE0C59FE /* YardTests.xctest */;
			productType = "com.apple.product-type.bundle.unit-test";
		};
		FF0939082242D41D5BFBCB2F /* Yard */ = {
			isa = PBXNativeTarget;
			buildConfigurationList = DF392A60E8E7EA9F6EA4B514 /* Build configuration list for PBXNativeTarget "Yard" */;
			buildPhases = (
				488A4AA0E40076858C9C5F98 /* Sources */,
				6FABF70D7C2E49BCC2E5654D /* Resources */,
			);
			buildRules = (
			);
			dependencies = (
			);
			name = Yard;
			packageProductDependencies = (
			);
			productName = Yard;
			productReference = ED859673BB2610C78C35B7F7 /* Yard.app */;
			productType = "com.apple.product-type.application";
		};
/* End PBXNativeTarget section */

/* Begin PBXProject section */
		FE206404C1E6219CB778F7EE /* Project object */ = {
			isa = PBXProject;
			attributes = {
				BuildIndependentTargetsInParallel = YES;
				LastUpgradeCheck = 2600;
				TargetAttributes = {
					1EDB4C47924C598465901B2E = {
						ProvisioningStyle = Automatic;
					};
					FF0939082242D41D5BFBCB2F = {
						ProvisioningStyle = Automatic;
					};
				};
			};
			buildConfigurationList = 5975E9C99DCC5B3A7C37D6CA /* Build configuration list for PBXProject "Yard" */;
			developmentRegion = en;
			hasScannedForEncodings = 0;
			knownRegions = (
				Base,
				en,
			);
			mainGroup = 4641F389EF8CEC2D60A265B7;
			minimizedProjectReferenceProxies = 1;
			preferredProjectObjectVersion = 77;
			productRefGroup = 7447305D8627CE6CC9E106B6 /* Products */;
			projectDirPath = "";
			projectRoot = "";
			targets = (
				FF0939082242D41D5BFBCB2F /* Yard */,
				1EDB4C47924C598465901B2E /* YardTests */,
			);
		};
/* End PBXProject section */

/* Begin PBXResourcesBuildPhase section */
		6FABF70D7C2E49BCC2E5654D /* Resources */ = {
			isa = PBXResourcesBuildPhase;
			buildActionMask = 2147483647;
			files = (
				1CBCEC0101D37AA3BD354FBB /* Assets.xcassets in Resources */,
			);
			runOnlyForDeploymentPostprocessing = 0;
		};
/* End PBXResourcesBuildPhase section */

/* Begin PBXSourcesBuildPhase section */
		488A4AA0E40076858C9C5F98 /* Sources */ = {
			isa = PBXSourcesBuildPhase;
			buildActionMask = 2147483647;
			files = (
				D21A9AC38FA5DCE1DC66F1A4 /* APIClient.swift in Sources */,
				AD7045C84AA326912E9B562D /* Account.swift in Sources */,
				4AFF8E0E05BCBF01633A3D34 /* AppEnvironment.swift in Sources */,
				65D94DA941FACC6ABD2EFAE7 /* AuthenticationGate.swift in Sources */,
				3443B11474F06F948B2047BD /* AuthenticationRepository.swift in Sources */,
				59C4FE5942E637DF19B5BBBF /* BuyerRepository.swift in Sources */,
				92672E0437EC545A2C784634 /* BuyingIntent.swift in Sources */,
				05F9ECF2894456C774B63FC3 /* BuyingIntentComposer.swift in Sources */,
				AB5B4D019786A1D7BAE4FA13 /* CameraCaptureView.swift in Sources */,
				9807873A2A2A58F57CC3D447 /* Category.swift in Sources */,
				83E5B0A1F6DF6E1AEB8D23B0 /* ChatView.swift in Sources */,
				59A1DA182376BE2778E535E1 /* ChatViewModel.swift in Sources */,
				BB3C67F08230F39F65C03CB9 /* HomeView.swift in Sources */,
				C8A7EE2E0ECD0813754810D6 /* HomeViewModel.swift in Sources */,
				C32F8436F020E85432799E74 /* IntentMatchesView.swift in Sources */,
				03F8D40D1DEF07F31CD22F92 /* ItemAnalysisService.swift in Sources */,
				CCB4AA9B1D45FE8F2D388B1D /* KeychainTokenStore.swift in Sources */,
				01E2132CF086B94EE7D8FDDB /* Listing.swift in Sources */,
				E7D832374EA2114E8A4C0285 /* ListingCard.swift in Sources */,
				B709C252274D25CA03CB6E68 /* ListingDetailView.swift in Sources */,
				83F166C4B6C1D81803852F02 /* ListingDraft.swift in Sources */,
				AD1FEF21202F9A07A52313AF /* ListingDraftRecord.swift in Sources */,
				9ABB896A85F77663A9B2E2EE /* MarketplaceRepository.swift in Sources */,
				FAD56C5057648DEED830AFD5 /* PreviewAuthenticationRepository.swift in Sources */,
				22457D0A33BEB2BB43DB3800 /* PreviewMarketplaceRepository.swift in Sources */,
				1F7F54766B8A34CDDFB149A4 /* ProfileView.swift in Sources */,
				DA7DCD847AF0B4A69D211DBF /* ProfileViewModel.swift in Sources */,
				64CDC96767AA646184ABA4A2 /* ReservationConfirmationView.swift in Sources */,
				C5BA37DE0CED01324A581A52 /* RootTabView.swift in Sources */,
				93BB2A5588E227B73E2CC0C1 /* SavedView.swift in Sources */,
				7E5F8F72A1F113924F5CC11D /* SavedViewModel.swift in Sources */,
				3ABDE126DF084B4AA625C81A /* SearchView.swift in Sources */,
				FEF87B21077D17D690C2688F /* SearchViewModel.swift in Sources */,
				AA8F06F4D23AA0F0D7BE20A8 /* SellView.swift in Sources */,
				243FC8C35C2E773D5A47534B /* SellViewModel.swift in Sources */,
				C754F822BD9D9A4D5E15FB4C /* SellingRepository.swift in Sources */,
				F844013DDC43400B1808E651 /* Transaction.swift in Sources */,
				93DE10A09A91110202716EC0 /* TransactionRepository.swift in Sources */,
				70DF32A87341CF5BCA3D4746 /* UserSession.swift in Sources */,
				CC5684C5AFB3174E3752517B /* YardApp.swift in Sources */,
				7056CE16C46FAA9D79328637 /* YardTheme.swift in Sources */,
			);
			runOnlyForDeploymentPostprocessing = 0;
		};
		D23612B6550DCF0A62EFB900 /* Sources */ = {
			isa = PBXSourcesBuildPhase;
			buildActionMask = 2147483647;
			files = (
				B68A44C221AC191C381CA84D /* ChatViewModelTests.swift in Sources */,
				972758225310D8607E868B0A /* HomeViewModelTests.swift in Sources */,
				CEC2DB2B15037584EEF4563E /* ModelDecodingTests.swift in Sources */,
				EA996B289FE4BD53FDB8A49D /* SavedViewModelTests.swift in Sources */,
				D6C2648AD75EFF18A07ABB1C /* SearchViewModelTests.swift in Sources */,
				849F03806FDD3EA4633DC8E6 /* SellViewModelTests.swift in Sources */,
				9E817FD68AD00E66DBFC0FAC /* UserSessionTests.swift in Sources */,
			);
			runOnlyForDeploymentPostprocessing = 0;
		};
/* End PBXSourcesBuildPhase section */

/* Begin PBXTargetDependency section */
		B1B32CB91891B196F0EF15FF /* PBXTargetDependency */ = {
			isa = PBXTargetDependency;
			target = FF0939082242D41D5BFBCB2F /* Yard */;
			targetProxy = 81931285E2DFA7C15487886D /* PBXContainerItemProxy */;
		};
/* End PBXTargetDependency section */

/* Begin XCBuildConfiguration section */
		2EBCE02E6594F54B68FDA102 /* Debug */ = {
			isa = XCBuildConfiguration;
			buildSettings = {
				ASSETCATALOG_COMPILER_APPICON_NAME = AppIcon;
				ASSETCATALOG_COMPILER_GLOBAL_ACCENT_COLOR_NAME = AccentColor;
				CODE_SIGN_IDENTITY = "iPhone Developer";
				CURRENT_PROJECT_VERSION = 1;
				INFOPLIST_FILE = Yard/Resources/Info.plist;
				LD_RUNPATH_SEARCH_PATHS = (
					"$(inherited)",
					"@executable_path/Frameworks",
				);
				MARKETING_VERSION = 0.1.0;
				PRODUCT_BUNDLE_IDENTIFIER = com.santinomarial.yard;
				PRODUCT_NAME = Yard;
				SDKROOT = iphoneos;
				SUPPORTS_MACCATALYST = NO;
				TARGETED_DEVICE_FAMILY = 1;
			};
			name = Debug;
		};
		57F7767F8ACCF49AC6C88AFB /* Release */ = {
			isa = XCBuildConfiguration;
			buildSettings = {
				BUNDLE_LOADER = "$(TEST_HOST)";
				GENERATE_INFOPLIST_FILE = YES;
				LD_RUNPATH_SEARCH_PATHS = (
					"$(inherited)",
					"@executable_path/Frameworks",
					"@loader_path/Frameworks",
				);
				PRODUCT_BUNDLE_IDENTIFIER = com.santinomarial.yard.tests;
				SDKROOT = iphoneos;
				TARGETED_DEVICE_FAMILY = "1,2";
				TEST_HOST = "$(BUILT_PRODUCTS_DIR)/Yard.app/Yard";
			};
			name = Release;
		};
		5B5C706C894E71CA53E1C469 /* Debug */ = {
			isa = XCBuildConfiguration;
			buildSettings = {
				BUNDLE_LOADER = "$(TEST_HOST)";
				GENERATE_INFOPLIST_FILE = YES;
				LD_RUNPATH_SEARCH_PATHS = (
					"$(inherited)",
					"@executable_path/Frameworks",
					"@loader_path/Frameworks",
				);
				PRODUCT_BUNDLE_IDENTIFIER = com.santinomarial.yard.tests;
				SDKROOT = iphoneos;
				TARGETED_DEVICE_FAMILY = "1,2";
				TEST_HOST = "$(BUILT_PRODUCTS_DIR)/Yard.app/Yard";
			};
			name = Debug;
		};
		DC3E7D1CBE49391CFDA06B2A /* Release */ = {
			isa = XCBuildConfiguration;
			buildSettings = {
				ASSETCATALOG_COMPILER_APPICON_NAME = AppIcon;
				ASSETCATALOG_COMPILER_GLOBAL_ACCENT_COLOR_NAME = AccentColor;
				CODE_SIGN_IDENTITY = "iPhone Developer";
				CURRENT_PROJECT_VERSION = 1;
				INFOPLIST_FILE = Yard/Resources/Info.plist;
				LD_RUNPATH_SEARCH_PATHS = (
					"$(inherited)",
					"@executable_path/Frameworks",
				);
				MARKETING_VERSION = 0.1.0;
				PRODUCT_BUNDLE_IDENTIFIER = com.santinomarial.yard;
				PRODUCT_NAME = Yard;
				SDKROOT = iphoneos;
				SUPPORTS_MACCATALYST = NO;
				TARGETED_DEVICE_FAMILY = 1;
			};
			name = Release;
		};
		E2E9EA0BC495EF788B79335B /* Debug */ = {
			isa = XCBuildConfiguration;
			buildSettings = {
				ALWAYS_SEARCH_USER_PATHS = NO;
				CLANG_ANALYZER_NONNULL = YES;
				CLANG_ANALYZER_NUMBER_OBJECT_CONVERSION = YES_AGGRESSIVE;
				CLANG_CXX_LANGUAGE_STANDARD = "gnu++14";
				CLANG_CXX_LIBRARY = "libc++";
				CLANG_ENABLE_MODULES = YES;
				CLANG_ENABLE_OBJC_ARC = YES;
				CLANG_ENABLE_OBJC_WEAK = YES;
				CLANG_WARN_BLOCK_CAPTURE_AUTORELEASING = YES;
				CLANG_WARN_BOOL_CONVERSION = YES;
				CLANG_WARN_COMMA = YES;
				CLANG_WARN_CONSTANT_CONVERSION = YES;
				CLANG_WARN_DEPRECATED_OBJC_IMPLEMENTATIONS = YES;
				CLANG_WARN_DIRECT_OBJC_ISA_USAGE = YES_ERROR;
				CLANG_WARN_DOCUMENTATION_COMMENTS = YES;
				CLANG_WARN_EMPTY_BODY = YES;
				CLANG_WARN_ENUM_CONVERSION = YES;
				CLANG_WARN_INFINITE_RECURSION = YES;
				CLANG_WARN_INT_CONVERSION = YES;
				CLANG_WARN_NON_LITERAL_NULL_CONVERSION = YES;
				CLANG_WARN_OBJC_IMPLICIT_RETAIN_SELF = YES;
				CLANG_WARN_OBJC_LITERAL_CONVERSION = YES;
				CLANG_WARN_OBJC_ROOT_CLASS = YES_ERROR;
				CLANG_WARN_QUOTED_INCLUDE_IN_FRAMEWORK_HEADER = YES;
				CLANG_WARN_RANGE_LOOP_ANALYSIS = YES;
				CLANG_WARN_STRICT_PROTOTYPES = YES;
				CLANG_WARN_SUSPICIOUS_MOVE = YES;
				CLANG_WARN_UNGUARDED_AVAILABILITY = YES_AGGRESSIVE;
				CLANG_WARN_UNREACHABLE_CODE = YES;
				CLANG_WARN__DUPLICATE_METHOD_MATCH = YES;
				CODE_SIGN_STYLE = Automatic;
				COPY_PHASE_STRIP = NO;
				DEBUG_INFORMATION_FORMAT = dwarf;
				ENABLE_STRICT_OBJC_MSGSEND = YES;
				ENABLE_TESTABILITY = YES;
				ENABLE_USER_SCRIPT_SANDBOXING = YES;
				GCC_C_LANGUAGE_STANDARD = gnu11;
				GCC_DYNAMIC_NO_PIC = NO;
				GCC_NO_COMMON_BLOCKS = YES;
				GCC_OPTIMIZATION_LEVEL = 0;
				GCC_PREPROCESSOR_DEFINITIONS = (
					"$(inherited)",
					"DEBUG=1",
				);
				GCC_WARN_64_TO_32_BIT_CONVERSION = YES;
				GCC_WARN_ABOUT_RETURN_TYPE = YES_ERROR;
				GCC_WARN_UNDECLARED_SELECTOR = YES;
				GCC_WARN_UNINITIALIZED_AUTOS = YES_AGGRESSIVE;
				GCC_WARN_UNUSED_FUNCTION = YES;
				GCC_WARN_UNUSED_VARIABLE = YES;
				IPHONEOS_DEPLOYMENT_TARGET = 18.0;
				MTL_ENABLE_DEBUG_INFO = INCLUDE_SOURCE;
				MTL_FAST_MATH = YES;
				ONLY_ACTIVE_ARCH = YES;
				PRODUCT_NAME = "$(TARGET_NAME)";
				SDKROOT = iphoneos;
				SWIFT_ACTIVE_COMPILATION_CONDITIONS = DEBUG;
				SWIFT_OPTIMIZATION_LEVEL = "-Onone";
				SWIFT_STRICT_CONCURRENCY = complete;
				SWIFT_VERSION = 6.0;
			};
			name = Debug;
		};
		F1C52F39E38D9BF56211FEEC /* Release */ = {
			isa = XCBuildConfiguration;
			buildSettings = {
				ALWAYS_SEARCH_USER_PATHS = NO;
				CLANG_ANALYZER_NONNULL = YES;
				CLANG_ANALYZER_NUMBER_OBJECT_CONVERSION = YES_AGGRESSIVE;
				CLANG_CXX_LANGUAGE_STANDARD = "gnu++14";
				CLANG_CXX_LIBRARY = "libc++";
				CLANG_ENABLE_MODULES = YES;
				CLANG_ENABLE_OBJC_ARC = YES;
				CLANG_ENABLE_OBJC_WEAK = YES;
				CLANG_WARN_BLOCK_CAPTURE_AUTORELEASING = YES;
				CLANG_WARN_BOOL_CONVERSION = YES;
				CLANG_WARN_COMMA = YES;
				CLANG_WARN_CONSTANT_CONVERSION = YES;
				CLANG_WARN_DEPRECATED_OBJC_IMPLEMENTATIONS = YES;
				CLANG_WARN_DIRECT_OBJC_ISA_USAGE = YES_ERROR;
				CLANG_WARN_DOCUMENTATION_COMMENTS = YES;
				CLANG_WARN_EMPTY_BODY = YES;
				CLANG_WARN_ENUM_CONVERSION = YES;
				CLANG_WARN_INFINITE_RECURSION = YES;
				CLANG_WARN_INT_CONVERSION = YES;
				CLANG_WARN_NON_LITERAL_NULL_CONVERSION = YES;
				CLANG_WARN_OBJC_IMPLICIT_RETAIN_SELF = YES;
				CLANG_WARN_OBJC_LITERAL_CONVERSION = YES;
				CLANG_WARN_OBJC_ROOT_CLASS = YES_ERROR;
				CLANG_WARN_QUOTED_INCLUDE_IN_FRAMEWORK_HEADER = YES;
				CLANG_WARN_RANGE_LOOP_ANALYSIS = YES;
				CLANG_WARN_STRICT_PROTOTYPES = YES;
				CLANG_WARN_SUSPICIOUS_MOVE = YES;
				CLANG_WARN_UNGUARDED_AVAILABILITY = YES_AGGRESSIVE;
				CLANG_WARN_UNREACHABLE_CODE = YES;
				CLANG_WARN__DUPLICATE_METHOD_MATCH = YES;
				CODE_SIGN_STYLE = Automatic;
				COPY_PHASE_STRIP = NO;
				DEBUG_INFORMATION_FORMAT = "dwarf-with-dsym";
				ENABLE_NS_ASSERTIONS = NO;
				ENABLE_STRICT_OBJC_MSGSEND = YES;
				ENABLE_USER_SCRIPT_SANDBOXING = YES;
				GCC_C_LANGUAGE_STANDARD = gnu11;
				GCC_NO_COMMON_BLOCKS = YES;
				GCC_WARN_64_TO_32_BIT_CONVERSION = YES;
				GCC_WARN_ABOUT_RETURN_TYPE = YES_ERROR;
				GCC_WARN_UNDECLARED_SELECTOR = YES;
				GCC_WARN_UNINITIALIZED_AUTOS = YES_AGGRESSIVE;
				GCC_WARN_UNUSED_FUNCTION = YES;
				GCC_WARN_UNUSED_VARIABLE = YES;
				IPHONEOS_DEPLOYMENT_TARGET = 18.0;
				MTL_ENABLE_DEBUG_INFO = NO;
				MTL_FAST_MATH = YES;
				PRODUCT_NAME = "$(TARGET_NAME)";
				SDKROOT = iphoneos;
				SWIFT_COMPILATION_MODE = wholemodule;
				SWIFT_OPTIMIZATION_LEVEL = "-O";
				SWIFT_STRICT_CONCURRENCY = complete;
				SWIFT_VERSION = 6.0;
			};
			name = Release;
		};
/* End XCBuildConfiguration section */

/* Begin XCConfigurationList section */
		5975E9C99DCC5B3A7C37D6CA /* Build configuration list for PBXProject "Yard" */ = {
			isa = XCConfigurationList;
			buildConfigurations = (
				E2E9EA0BC495EF788B79335B /* Debug */,
				F1C52F39E38D9BF56211FEEC /* Release */,
			);
			defaultConfigurationIsVisible = 0;
			defaultConfigurationName = Debug;
		};
		77966E86928B6AFC72ADF7FB /* Build configuration list for PBXNativeTarget "YardTests" */ = {
			isa = XCConfigurationList;
			buildConfigurations = (
				5B5C706C894E71CA53E1C469 /* Debug */,
				57F7767F8ACCF49AC6C88AFB /* Release */,
			);
			defaultConfigurationIsVisible = 0;
			defaultConfigurationName = Debug;
		};
		DF392A60E8E7EA9F6EA4B514 /* Build configuration list for PBXNativeTarget "Yard" */ = {
			isa = XCConfigurationList;
			buildConfigurations = (
				2EBCE02E6594F54B68FDA102 /* Debug */,
				DC3E7D1CBE49391CFDA06B2A /* Release */,
			);
			defaultConfigurationIsVisible = 0;
			defaultConfigurationName = Debug;
		};
/* End XCConfigurationList section */
	};
	rootObject = FE206404C1E6219CB778F7EE /* Project object */;
}
